{
  "name": "liteapi-node-sdk",
  "version": "4.0.0",
  "lockfileVersion": 3,
  "requires": true,
  "packages": {
    "": {
      "name": "liteapi-node-sdk",
      "version": "4.0.0",
      "license": "ISC",
      "dependencies": {
        "liteapi-node-sdk": "^3.2.0"
      }
    },
    "node_modules/liteapi-node-sdk": {
      "version": "3.2.0",
      "resolved": "https://registry.npmjs.org/liteapi-node-sdk/-/liteapi-node-sdk-3.2.0.tgz",
      "integrity": "sha512-pPb0u4cuecbLPnN0IqNcOL8M2PM0gG8kTlf0mhcMaF+84WDthF6QWv3iEp6CuuG/1fuVgsbYk6MpUIyWnmOocw==",
      "license": "ISC",
      "dependencies": {
        "liteapi-node-sdk": "^3.0.4"
      }
    }
  }
}
