# THIS IS AN AUTOGENERATED FILE. DO NOT EDIT THIS FILE DIRECTLY.
# yarn lockfile v1


liteapi-node-sdk@^3.0.4:
  version "3.0.4"
  resolved "https://registry.yarnpkg.com/liteapi-node-sdk/-/liteapi-node-sdk-3.0.4.tgz#35f1792e2190756260d235d46ddc51ba85dbee97"
  integrity sha512-EW2aL5jY/D5VprFQkGNTyn7Bs7GN5kCnw5oE9JO2bplDwWET3smeyo78w8/AR8kZKgIhtJm/Fl+UPrdxrSjiVQ==
